
Microsoft Visual Studio Solution File, Format Version 12.00
# Visual Studio 2013
VisualStudioVersion = 12.0.21005.1
MinimumVisualStudioVersion = 10.0.40219.1
Project("{FAE04EC0-301F-11D3-BF4B-00C04F79EFBC}") = "Rose.VExtension.Client.Extensions.Chrome", "Rose.VExtension.Client.Extensions.Chrome\Rose.VExtension.Client.Extensions.Chrome.csproj", "{9D141603-1A9D-4EEC-82D8-C473EA436839}"
EndProject
Project("{FAE04EC0-301F-11D3-BF4B-00C04F79EFBC}") = "Rose.VExtension.PluginSystem", "Rose.VExtension.PluginSystem\Rose.VExtension.PluginSystem.csproj", "{EB6DD852-3ED1-4FC3-8A7A-CB229ECA5DF4}"
EndProject
Project("{FAE04EC0-301F-11D3-BF4B-00C04F79EFBC}") = "Rose.VExtension.Server", "Rose.VExtension.Server\Rose.VExtension.Server.csproj", "{89BA3334-AF2F-4856-9542-BB0E028925E1}"
EndProject
Project("{2150E333-8FDC-42A3-9474-1A3956D46DE8}") = "Backend", "Backend", "{12BA2183-1D3F-45B9-B444-2E7CEBC57359}"
EndProject
Project("{2150E333-8FDC-42A3-9474-1A3956D46DE8}") = "Frontend", "Frontend", "{4BE7891C-DBED-4BB6-8825-3F7186AB9B7B}"
EndProject
Project("{FAE04EC0-301F-11D3-BF4B-00C04F79EFBC}") = "Rose.VExtension.VK", "Rose.VExtension.VK\Rose.VExtension.VK.csproj", "{9D0AE7C2-F06D-4032-9655-2602022E933F}"
EndProject
Project("{FAE04EC0-301F-11D3-BF4B-00C04F79EFBC}") = "Rose.VExtension.PluginSystemConsole", "Rose.VExtension.PluginSystemConsole\Rose.VExtension.PluginSystemConsole.csproj", "{75EDBF10-8086-4801-AD14-EAB81942C917}"
EndProject
Project("{2150E333-8FDC-42A3-9474-1A3956D46DE8}") = "CSScript", "CSScript", "{64EF6FFF-B031-4A34-86E8-49A1722957B4}"
EndProject
Project("{FAE04EC0-301F-11D3-BF4B-00C04F79EFBC}") = "CSScriptLibrary.v4.0", "..\..\..\..\Desktop\cs-scriptSrc\cs-scriptSrc\CSScriptLibrary\CSScriptLibrary.v4.0.csproj", "{F33DDB9A-918F-43D9-A1CF-CECD269AD958}"
EndProject
Project("{FAE04EC0-301F-11D3-BF4B-00C04F79EFBC}") = "cscscript", "..\..\..\..\Desktop\cs-scriptSrc\cs-scriptSrc\cscscript\cscscript.csproj", "{7DD203B9-D251-46BF-9175-5CE3786C9705}"
EndProject
Project("{FAE04EC0-301F-11D3-BF4B-00C04F79EFBC}") = "cswscript", "..\..\..\..\Desktop\cs-scriptSrc\cs-scriptSrc\cswscript\cswscript.csproj", "{BB38EC0E-0AEA-46ED-9581-660375DBF7BA}"
EndProject
Project("{FAE04EC0-301F-11D3-BF4B-00C04F79EFBC}") = "CSScriptTest", "CSScriptTest\CSScriptTest.csproj", "{AAC7C02E-C550-45AA-98CE-32BE1B739829}"
EndProject
Global
	GlobalSection(SolutionConfigurationPlatforms) = preSolution
		Debug|Any CPU = Debug|Any CPU
		Release|Any CPU = Release|Any CPU
	EndGlobalSection
	GlobalSection(ProjectConfigurationPlatforms) = postSolution
		{9D141603-1A9D-4EEC-82D8-C473EA436839}.Debug|Any CPU.ActiveCfg = Debug|Any CPU
		{9D141603-1A9D-4EEC-82D8-C473EA436839}.Debug|Any CPU.Build.0 = Debug|Any CPU
		{9D141603-1A9D-4EEC-82D8-C473EA436839}.Release|Any CPU.ActiveCfg = Release|Any CPU
		{9D141603-1A9D-4EEC-82D8-C473EA436839}.Release|Any CPU.Build.0 = Release|Any CPU
		{EB6DD852-3ED1-4FC3-8A7A-CB229ECA5DF4}.Debug|Any CPU.ActiveCfg = Debug|Any CPU
		{EB6DD852-3ED1-4FC3-8A7A-CB229ECA5DF4}.Debug|Any CPU.Build.0 = Debug|Any CPU
		{EB6DD852-3ED1-4FC3-8A7A-CB229ECA5DF4}.Release|Any CPU.ActiveCfg = Release|Any CPU
		{EB6DD852-3ED1-4FC3-8A7A-CB229ECA5DF4}.Release|Any CPU.Build.0 = Release|Any CPU
		{89BA3334-AF2F-4856-9542-BB0E028925E1}.Debug|Any CPU.ActiveCfg = Debug|Any CPU
		{89BA3334-AF2F-4856-9542-BB0E028925E1}.Debug|Any CPU.Build.0 = Debug|Any CPU
		{89BA3334-AF2F-4856-9542-BB0E028925E1}.Release|Any CPU.ActiveCfg = Release|Any CPU
		{89BA3334-AF2F-4856-9542-BB0E028925E1}.Release|Any CPU.Build.0 = Release|Any CPU
		{9D0AE7C2-F06D-4032-9655-2602022E933F}.Debug|Any CPU.ActiveCfg = Debug|Any CPU
		{9D0AE7C2-F06D-4032-9655-2602022E933F}.Debug|Any CPU.Build.0 = Debug|Any CPU
		{9D0AE7C2-F06D-4032-9655-2602022E933F}.Release|Any CPU.ActiveCfg = Release|Any CPU
		{9D0AE7C2-F06D-4032-9655-2602022E933F}.Release|Any CPU.Build.0 = Release|Any CPU
		{75EDBF10-8086-4801-AD14-EAB81942C917}.Debug|Any CPU.ActiveCfg = Debug|Any CPU
		{75EDBF10-8086-4801-AD14-EAB81942C917}.Debug|Any CPU.Build.0 = Debug|Any CPU
		{75EDBF10-8086-4801-AD14-EAB81942C917}.Release|Any CPU.ActiveCfg = Release|Any CPU
		{75EDBF10-8086-4801-AD14-EAB81942C917}.Release|Any CPU.Build.0 = Release|Any CPU
		{F33DDB9A-918F-43D9-A1CF-CECD269AD958}.Debug|Any CPU.ActiveCfg = Debug|Any CPU
		{F33DDB9A-918F-43D9-A1CF-CECD269AD958}.Debug|Any CPU.Build.0 = Debug|Any CPU
		{F33DDB9A-918F-43D9-A1CF-CECD269AD958}.Release|Any CPU.ActiveCfg = Release|Any CPU
		{F33DDB9A-918F-43D9-A1CF-CECD269AD958}.Release|Any CPU.Build.0 = Release|Any CPU
		{7DD203B9-D251-46BF-9175-5CE3786C9705}.Debug|Any CPU.ActiveCfg = Debug|Any CPU
		{7DD203B9-D251-46BF-9175-5CE3786C9705}.Debug|Any CPU.Build.0 = Debug|Any CPU
		{7DD203B9-D251-46BF-9175-5CE3786C9705}.Release|Any CPU.ActiveCfg = Release|Any CPU
		{7DD203B9-D251-46BF-9175-5CE3786C9705}.Release|Any CPU.Build.0 = Release|Any CPU
		{BB38EC0E-0AEA-46ED-9581-660375DBF7BA}.Debug|Any CPU.ActiveCfg = Debug|Any CPU
		{BB38EC0E-0AEA-46ED-9581-660375DBF7BA}.Debug|Any CPU.Build.0 = Debug|Any CPU
		{BB38EC0E-0AEA-46ED-9581-660375DBF7BA}.Release|Any CPU.ActiveCfg = Release|Any CPU
		{BB38EC0E-0AEA-46ED-9581-660375DBF7BA}.Release|Any CPU.Build.0 = Release|Any CPU
		{AAC7C02E-C550-45AA-98CE-32BE1B739829}.Debug|Any CPU.ActiveCfg = Debug|Any CPU
		{AAC7C02E-C550-45AA-98CE-32BE1B739829}.Debug|Any CPU.Build.0 = Debug|Any CPU
		{AAC7C02E-C550-45AA-98CE-32BE1B739829}.Release|Any CPU.ActiveCfg = Release|Any CPU
		{AAC7C02E-C550-45AA-98CE-32BE1B739829}.Release|Any CPU.Build.0 = Release|Any CPU
	EndGlobalSection
	GlobalSection(SolutionProperties) = preSolution
		HideSolutionNode = FALSE
	EndGlobalSection
	GlobalSection(NestedProjects) = preSolution
		{9D141603-1A9D-4EEC-82D8-C473EA436839} = {4BE7891C-DBED-4BB6-8825-3F7186AB9B7B}
		{89BA3334-AF2F-4856-9542-BB0E028925E1} = {12BA2183-1D3F-45B9-B444-2E7CEBC57359}
		{EB6DD852-3ED1-4FC3-8A7A-CB229ECA5DF4} = {12BA2183-1D3F-45B9-B444-2E7CEBC57359}
		{9D0AE7C2-F06D-4032-9655-2602022E933F} = {12BA2183-1D3F-45B9-B444-2E7CEBC57359}
		{75EDBF10-8086-4801-AD14-EAB81942C917} = {12BA2183-1D3F-45B9-B444-2E7CEBC57359}
		{64EF6FFF-B031-4A34-86E8-49A1722957B4} = {12BA2183-1D3F-45B9-B444-2E7CEBC57359}
		{F33DDB9A-918F-43D9-A1CF-CECD269AD958} = {64EF6FFF-B031-4A34-86E8-49A1722957B4}
		{7DD203B9-D251-46BF-9175-5CE3786C9705} = {64EF6FFF-B031-4A34-86E8-49A1722957B4}
		{BB38EC0E-0AEA-46ED-9581-660375DBF7BA} = {64EF6FFF-B031-4A34-86E8-49A1722957B4}
		{AAC7C02E-C550-45AA-98CE-32BE1B739829} = {64EF6FFF-B031-4A34-86E8-49A1722957B4}
	EndGlobalSection
EndGlobal
